<?xml version="1.0" encoding="utf-8"?>
<Project ToolsVersion="4.0" xmlns="http://schemas.microsoft.com/developer/msbuild/2003">
  <ItemGroup>
    <Filter Include="Common">
      <UniqueIdentifier>d5f57e3b-1a31-4f67-aae2-17101c1c9761</UniqueIdentifier>
    </Filter>
    <Filter Include="Assets">
      <UniqueIdentifier>326744b6-bd25-45c0-a1ea-97ba8fd7906f</UniqueIdentifier>
      <Extensions>ico;cur;bmp;dds;dlg;fbx;rct;bin;rgs;gif;jpg;jpeg;jpe;resx;tga;tiff;tif;png;wav;mfcribbon-ms</Extensions>
    </Filter>
    <Filter Include="Shaders">
      <UniqueIdentifier>{d114b611-f7bc-4b20-9f79-049b5bb4124e}</UniqueIdentifier>
    </Filter>
    <Filter Include="DDS">
      <UniqueIdentifier>{3d903e03-030d-4a60-9c75-b4c6277f7d3c}</UniqueIdentifier>
    </Filter>
    <Filter Include="WIC">
      <UniqueIdentifier>{da14ea73-15d4-46fe-bc08-c01f65f4c515}</UniqueIdentifier>
    </Filter>
    <Filter Include="ScreenGrab">
      <UniqueIdentifier>{ced9ddcd-6947-4123-96a3-4ff79db63785}</UniqueIdentifier>
    </Filter>
  </ItemGroup>
  <ItemGroup>
    <ClInclude Include="pch.h" />
    <ClInclude Include="Game.h" />
    <ClInclude Include="StepTimer.h">
      <Filter>Common</Filter>
    </ClInclude>
    <ClInclude Include="DeviceResources.h">
      <Filter>Common</Filter>
    </ClInclude>
    <ClInclude Include="ReadData.h">
      <Filter>Common</Filter>
    </ClInclude>
    <ClInclude Include="..\..\DDSTextureLoader\DDSTextureLoader12.h">
      <Filter>DDS</Filter>
    </ClInclude>
    <ClInclude Include="..\..\WICTextureLoader\WICTextureLoader12.h">
      <Filter>WIC</Filter>
    </ClInclude>
    <ClInclude Include="..\..\ScreenGrab\ScreenGrab12.h">
      <Filter>ScreenGrab</Filter>
    </ClInclude>
    <ClInclude Include="..\inc\d3dx12.h">
      <Filter>Common</Filter>
    </ClInclude>
  </ItemGroup>
  <ItemGroup>
    <ClCompile Include="pch.cpp" />
    <ClCompile Include="Game.cpp" />
    <ClCompile Include="Main.cpp" />
    <ClCompile Include="DeviceResources.cpp">
      <Filter>Common</Filter>
    </ClCompile>
    <ClCompile Include="..\..\DDSTextureLoader\DDSTextureLoader12.cpp">
      <Filter>DDS</Filter>
    </ClCompile>
    <ClCompile Include="..\..\WICTextureLoader\WICTextureLoader12.cpp">
      <Filter>WIC</Filter>
    </ClCompile>
    <ClCompile Include="..\..\ScreenGrab\ScreenGrab12.cpp">
      <Filter>ScreenGrab</Filter>
    </ClCompile>
  </ItemGroup>
  <ItemGroup>
    <Image Include="dx5_logo.dds">
      <Filter>Assets</Filter>
    </Image>
    <Image Include="cup_small.jpg">
      <Filter>Assets</Filter>
    </Image>
  </ItemGroup>
  <ItemGroup>
    <Manifest Include="settings.manifest">
      <Filter>Assets</Filter>
    </Manifest>
  </ItemGroup>
  <ItemGroup>
    <FxCompile Include="PixelShader12.hlsl">
      <Filter>Shaders</Filter>
    </FxCompile>
    <FxCompile Include="VertexShader12.hlsl">
      <Filter>Shaders</Filter>
    </FxCompile>
  </ItemGroup>
</Project>