<?xml version="1.0" encoding="utf-8"?>
<Project ToolsVersion="4.0" xmlns="http://schemas.microsoft.com/developer/msbuild/2003">
  <ItemGroup>
    <Filter Include="Assets">
      <UniqueIdentifier>9e725c43-a55b-4321-92cb-4de5b835dacb</UniqueIdentifier>
      <Extensions>ico;cur;bmp;dds;dlg;fbx;rct;bin;rgs;gif;jpg;jpeg;jpe;resx;tga;tiff;tif;png;wav;mfcribbon-ms</Extensions>
    </Filter>
    <Filter Include="Common">
      <UniqueIdentifier>{b46ec1ef-5e81-40dd-b871-a23a6d957d96}</UniqueIdentifier>
    </Filter>
    <Filter Include="DDS">
      <UniqueIdentifier>{83a6f220-2486-493c-bc7c-b9d16078dc73}</UniqueIdentifier>
    </Filter>
    <Filter Include="WIC">
      <UniqueIdentifier>{876818a8-88a5-4340-acf7-9c541765f2b3}</UniqueIdentifier>
    </Filter>
  </ItemGroup>
  <ItemGroup>
    <ClInclude Include="pch.h" />
    <ClInclude Include="Game.h" />
    <ClInclude Include="StepTimer.h">
      <Filter>Common</Filter>
    </ClInclude>
    <ClInclude Include="..\..\DDSTextureLoader\DDSTextureLoader9.h">
      <Filter>DDS</Filter>
    </ClInclude>
    <ClInclude Include="..\..\WICTextureLoader\WICTextureLoader9.h">
      <Filter>WIC</Filter>
    </ClInclude>
  </ItemGroup>
  <ItemGroup>
    <ClCompile Include="pch.cpp" />
    <ClCompile Include="Game.cpp" />
    <ClCompile Include="Main.cpp" />
    <ClCompile Include="..\..\DDSTextureLoader\DDSTextureLoader9.cpp">
      <Filter>DDS</Filter>
    </ClCompile>
    <ClCompile Include="..\..\WICTextureLoader\WICTextureLoader9.cpp">
      <Filter>WIC</Filter>
    </ClCompile>
  </ItemGroup>
  <ItemGroup>
    <Manifest Include="settings.manifest">
      <Filter>Assets</Filter>
    </Manifest>
  </ItemGroup>
</Project>