
Microsoft Visual Studio Solution File, Format Version 12.00
# Visual Studio 2013
VisualStudioVersion = 12.0.40629.0
MinimumVisualStudioVersion = 10.0.40219.1
Project("{8BC9CEB8-8B4A-11D0-8D11-00A0C91BC942}") = "xttex_Desktop_2013", "tex\xttex_Desktop_2013.vcxproj", "{8395A22A-016B-4F36-9EDE-9D274980DFE9}"
EndProject
Project("{8BC9CEB8-8B4A-11D0-8D11-00A0C91BC942}") = "DirectXTex", "..\DirectXTex\DirectXTex_Desktop_2013.vcxproj", "{371B9FA9-4C90-4AC6-A123-ACED756D6C77}"
EndProject
Project("{8BC9CEB8-8B4A-11D0-8D11-00A0C91BC942}") = "xtdds_Desktop_2013", "dds\xtdds_Desktop_2013.vcxproj", "{FE5CF2AA-CB4C-43E7-846F-A51CD26A3E87}"
EndProject
Project("{8BC9CEB8-8B4A-11D0-8D11-00A0C91BC942}") = "xttga_Desktop_2013", "tga\xttga_Desktop_2013.vcxproj", "{6E60CF04-E4E4-4FAC-B9E1-62F783FBBD78}"
EndProject
Project("{8BC9CEB8-8B4A-11D0-8D11-00A0C91BC942}") = "xtwic_Desktop_2013", "wic\xtwic_Desktop_2013.vcxproj", "{587A57B7-656C-4BAD-A117-F2EC74594955}"
EndProject
Project("{8BC9CEB8-8B4A-11D0-8D11-00A0C91BC942}") = "xtfilter_Desktop_2013", "filter\xtfilter_Desktop_2013.vcxproj", "{3F2E8E24-F969-47F5-BA94-79CA8450DA74}"
EndProject
Project("{8BC9CEB8-8B4A-11D0-8D11-00A0C91BC942}") = "xtd3d11_Desktop_2013", "d3d11\xtd3d11_Desktop_2013.vcxproj", "{1B283FC1-7914-4B61-A618-0A83DAC6770A}"
EndProject
Project("{8BC9CEB8-8B4A-11D0-8D11-00A0C91BC942}") = "xtcompress_Desktop_2013", "compress\xtcompress_Desktop_2013.vcxproj", "{7EF1459A-D590-4C0F-B88E-B70B4D30ED85}"
EndProject
Project("{2150E333-8FDC-42A3-9474-1A3956D46DE8}") = "Tests", "Tests", "{F8205989-68F9-44CD-846C-C7EA66A17E76}"
EndProject
Project("{8BC9CEB8-8B4A-11D0-8D11-00A0C91BC942}") = "d3d11loadtest_Desktop_2013", "d3d11loadtest\d3d11loadtest_Desktop_2013.vcxproj", "{D55BE9CB-952D-4650-856A-72AC7AA2805D}"
EndProject
Global
	GlobalSection(SolutionConfigurationPlatforms) = preSolution
		Debug|Win32 = Debug|Win32
		Debug|x64 = Debug|x64
		Release|Win32 = Release|Win32
		Release|x64 = Release|x64
	EndGlobalSection
	GlobalSection(ProjectConfigurationPlatforms) = postSolution
		{8395A22A-016B-4F36-9EDE-9D274980DFE9}.Debug|Win32.ActiveCfg = Debug|Win32
		{8395A22A-016B-4F36-9EDE-9D274980DFE9}.Debug|Win32.Build.0 = Debug|Win32
		{8395A22A-016B-4F36-9EDE-9D274980DFE9}.Debug|Win32.Deploy.0 = Debug|Win32
		{8395A22A-016B-4F36-9EDE-9D274980DFE9}.Debug|x64.ActiveCfg = Debug|x64
		{8395A22A-016B-4F36-9EDE-9D274980DFE9}.Debug|x64.Build.0 = Debug|x64
		{8395A22A-016B-4F36-9EDE-9D274980DFE9}.Debug|x64.Deploy.0 = Debug|x64
		{8395A22A-016B-4F36-9EDE-9D274980DFE9}.Release|Win32.ActiveCfg = Release|Win32
		{8395A22A-016B-4F36-9EDE-9D274980DFE9}.Release|Win32.Build.0 = Release|Win32
		{8395A22A-016B-4F36-9EDE-9D274980DFE9}.Release|Win32.Deploy.0 = Release|Win32
		{8395A22A-016B-4F36-9EDE-9D274980DFE9}.Release|x64.ActiveCfg = Release|x64
		{8395A22A-016B-4F36-9EDE-9D274980DFE9}.Release|x64.Build.0 = Release|x64
		{8395A22A-016B-4F36-9EDE-9D274980DFE9}.Release|x64.Deploy.0 = Release|x64
		{371B9FA9-4C90-4AC6-A123-ACED756D6C77}.Debug|Win32.ActiveCfg = Debug|Win32
		{371B9FA9-4C90-4AC6-A123-ACED756D6C77}.Debug|Win32.Build.0 = Debug|Win32
		{371B9FA9-4C90-4AC6-A123-ACED756D6C77}.Debug|Win32.Deploy.0 = Debug|Win32
		{371B9FA9-4C90-4AC6-A123-ACED756D6C77}.Debug|x64.ActiveCfg = Debug|x64
		{371B9FA9-4C90-4AC6-A123-ACED756D6C77}.Debug|x64.Build.0 = Debug|x64
		{371B9FA9-4C90-4AC6-A123-ACED756D6C77}.Debug|x64.Deploy.0 = Debug|x64
		{371B9FA9-4C90-4AC6-A123-ACED756D6C77}.Release|Win32.ActiveCfg = Release|Win32
		{371B9FA9-4C90-4AC6-A123-ACED756D6C77}.Release|Win32.Build.0 = Release|Win32
		{371B9FA9-4C90-4AC6-A123-ACED756D6C77}.Release|Win32.Deploy.0 = Release|Win32
		{371B9FA9-4C90-4AC6-A123-ACED756D6C77}.Release|x64.ActiveCfg = Release|x64
		{371B9FA9-4C90-4AC6-A123-ACED756D6C77}.Release|x64.Build.0 = Release|x64
		{371B9FA9-4C90-4AC6-A123-ACED756D6C77}.Release|x64.Deploy.0 = Release|x64
		{FE5CF2AA-CB4C-43E7-846F-A51CD26A3E87}.Debug|Win32.ActiveCfg = Debug|Win32
		{FE5CF2AA-CB4C-43E7-846F-A51CD26A3E87}.Debug|Win32.Build.0 = Debug|Win32
		{FE5CF2AA-CB4C-43E7-846F-A51CD26A3E87}.Debug|x64.ActiveCfg = Debug|x64
		{FE5CF2AA-CB4C-43E7-846F-A51CD26A3E87}.Debug|x64.Build.0 = Debug|x64
		{FE5CF2AA-CB4C-43E7-846F-A51CD26A3E87}.Release|Win32.ActiveCfg = Release|Win32
		{FE5CF2AA-CB4C-43E7-846F-A51CD26A3E87}.Release|Win32.Build.0 = Release|Win32
		{FE5CF2AA-CB4C-43E7-846F-A51CD26A3E87}.Release|Win32.Deploy.0 = Release|Win32
		{FE5CF2AA-CB4C-43E7-846F-A51CD26A3E87}.Release|x64.ActiveCfg = Release|x64
		{FE5CF2AA-CB4C-43E7-846F-A51CD26A3E87}.Release|x64.Build.0 = Release|x64
		{6E60CF04-E4E4-4FAC-B9E1-62F783FBBD78}.Debug|Win32.ActiveCfg = Debug|Win32
		{6E60CF04-E4E4-4FAC-B9E1-62F783FBBD78}.Debug|Win32.Build.0 = Debug|Win32
		{6E60CF04-E4E4-4FAC-B9E1-62F783FBBD78}.Debug|x64.ActiveCfg = Debug|x64
		{6E60CF04-E4E4-4FAC-B9E1-62F783FBBD78}.Debug|x64.Build.0 = Debug|x64
		{6E60CF04-E4E4-4FAC-B9E1-62F783FBBD78}.Release|Win32.ActiveCfg = Release|Win32
		{6E60CF04-E4E4-4FAC-B9E1-62F783FBBD78}.Release|Win32.Build.0 = Release|Win32
		{6E60CF04-E4E4-4FAC-B9E1-62F783FBBD78}.Release|Win32.Deploy.0 = Release|Win32
		{6E60CF04-E4E4-4FAC-B9E1-62F783FBBD78}.Release|x64.ActiveCfg = Release|x64
		{6E60CF04-E4E4-4FAC-B9E1-62F783FBBD78}.Release|x64.Build.0 = Release|x64
		{587A57B7-656C-4BAD-A117-F2EC74594955}.Debug|Win32.ActiveCfg = Debug|Win32
		{587A57B7-656C-4BAD-A117-F2EC74594955}.Debug|Win32.Build.0 = Debug|Win32
		{587A57B7-656C-4BAD-A117-F2EC74594955}.Debug|x64.ActiveCfg = Debug|x64
		{587A57B7-656C-4BAD-A117-F2EC74594955}.Debug|x64.Build.0 = Debug|x64
		{587A57B7-656C-4BAD-A117-F2EC74594955}.Release|Win32.ActiveCfg = Release|Win32
		{587A57B7-656C-4BAD-A117-F2EC74594955}.Release|Win32.Build.0 = Release|Win32
		{587A57B7-656C-4BAD-A117-F2EC74594955}.Release|Win32.Deploy.0 = Release|Win32
		{587A57B7-656C-4BAD-A117-F2EC74594955}.Release|x64.ActiveCfg = Release|x64
		{587A57B7-656C-4BAD-A117-F2EC74594955}.Release|x64.Build.0 = Release|x64
		{3F2E8E24-F969-47F5-BA94-79CA8450DA74}.Debug|Win32.ActiveCfg = Debug|Win32
		{3F2E8E24-F969-47F5-BA94-79CA8450DA74}.Debug|Win32.Build.0 = Debug|Win32
		{3F2E8E24-F969-47F5-BA94-79CA8450DA74}.Debug|x64.ActiveCfg = Debug|x64
		{3F2E8E24-F969-47F5-BA94-79CA8450DA74}.Debug|x64.Build.0 = Debug|x64
		{3F2E8E24-F969-47F5-BA94-79CA8450DA74}.Release|Win32.ActiveCfg = Release|Win32
		{3F2E8E24-F969-47F5-BA94-79CA8450DA74}.Release|Win32.Build.0 = Release|Win32
		{3F2E8E24-F969-47F5-BA94-79CA8450DA74}.Release|Win32.Deploy.0 = Release|Win32
		{3F2E8E24-F969-47F5-BA94-79CA8450DA74}.Release|x64.ActiveCfg = Release|x64
		{3F2E8E24-F969-47F5-BA94-79CA8450DA74}.Release|x64.Build.0 = Release|x64
		{1B283FC1-7914-4B61-A618-0A83DAC6770A}.Debug|Win32.ActiveCfg = Debug|Win32
		{1B283FC1-7914-4B61-A618-0A83DAC6770A}.Debug|Win32.Build.0 = Debug|Win32
		{1B283FC1-7914-4B61-A618-0A83DAC6770A}.Debug|x64.ActiveCfg = Debug|x64
		{1B283FC1-7914-4B61-A618-0A83DAC6770A}.Debug|x64.Build.0 = Debug|x64
		{1B283FC1-7914-4B61-A618-0A83DAC6770A}.Release|Win32.ActiveCfg = Release|Win32
		{1B283FC1-7914-4B61-A618-0A83DAC6770A}.Release|Win32.Build.0 = Release|Win32
		{1B283FC1-7914-4B61-A618-0A83DAC6770A}.Release|Win32.Deploy.0 = Release|Win32
		{1B283FC1-7914-4B61-A618-0A83DAC6770A}.Release|x64.ActiveCfg = Release|x64
		{1B283FC1-7914-4B61-A618-0A83DAC6770A}.Release|x64.Build.0 = Release|x64
		{7EF1459A-D590-4C0F-B88E-B70B4D30ED85}.Debug|Win32.ActiveCfg = Debug|Win32
		{7EF1459A-D590-4C0F-B88E-B70B4D30ED85}.Debug|Win32.Build.0 = Debug|Win32
		{7EF1459A-D590-4C0F-B88E-B70B4D30ED85}.Debug|x64.ActiveCfg = Debug|x64
		{7EF1459A-D590-4C0F-B88E-B70B4D30ED85}.Debug|x64.Build.0 = Debug|x64
		{7EF1459A-D590-4C0F-B88E-B70B4D30ED85}.Release|Win32.ActiveCfg = Release|Win32
		{7EF1459A-D590-4C0F-B88E-B70B4D30ED85}.Release|Win32.Build.0 = Release|Win32
		{7EF1459A-D590-4C0F-B88E-B70B4D30ED85}.Release|Win32.Deploy.0 = Release|Win32
		{7EF1459A-D590-4C0F-B88E-B70B4D30ED85}.Release|x64.ActiveCfg = Release|x64
		{7EF1459A-D590-4C0F-B88E-B70B4D30ED85}.Release|x64.Build.0 = Release|x64
		{D55BE9CB-952D-4650-856A-72AC7AA2805D}.Debug|Win32.ActiveCfg = Debug|Win32
		{D55BE9CB-952D-4650-856A-72AC7AA2805D}.Debug|Win32.Build.0 = Debug|Win32
		{D55BE9CB-952D-4650-856A-72AC7AA2805D}.Debug|x64.ActiveCfg = Debug|x64
		{D55BE9CB-952D-4650-856A-72AC7AA2805D}.Debug|x64.Build.0 = Debug|x64
		{D55BE9CB-952D-4650-856A-72AC7AA2805D}.Release|Win32.ActiveCfg = Release|Win32
		{D55BE9CB-952D-4650-856A-72AC7AA2805D}.Release|Win32.Build.0 = Release|Win32
		{D55BE9CB-952D-4650-856A-72AC7AA2805D}.Release|x64.ActiveCfg = Release|x64
		{D55BE9CB-952D-4650-856A-72AC7AA2805D}.Release|x64.Build.0 = Release|x64
	EndGlobalSection
	GlobalSection(SolutionProperties) = preSolution
		HideSolutionNode = FALSE
	EndGlobalSection
	GlobalSection(NestedProjects) = preSolution
		{8395A22A-016B-4F36-9EDE-9D274980DFE9} = {F8205989-68F9-44CD-846C-C7EA66A17E76}
		{FE5CF2AA-CB4C-43E7-846F-A51CD26A3E87} = {F8205989-68F9-44CD-846C-C7EA66A17E76}
		{6E60CF04-E4E4-4FAC-B9E1-62F783FBBD78} = {F8205989-68F9-44CD-846C-C7EA66A17E76}
		{587A57B7-656C-4BAD-A117-F2EC74594955} = {F8205989-68F9-44CD-846C-C7EA66A17E76}
		{3F2E8E24-F969-47F5-BA94-79CA8450DA74} = {F8205989-68F9-44CD-846C-C7EA66A17E76}
		{1B283FC1-7914-4B61-A618-0A83DAC6770A} = {F8205989-68F9-44CD-846C-C7EA66A17E76}
		{7EF1459A-D590-4C0F-B88E-B70B4D30ED85} = {F8205989-68F9-44CD-846C-C7EA66A17E76}
		{D55BE9CB-952D-4650-856A-72AC7AA2805D} = {F8205989-68F9-44CD-846C-C7EA66A17E76}
	EndGlobalSection
EndGlobal
