<Solution>
  <Configurations>
    <BuildType Name="Debug" />
    <BuildType Name="Debug_Scarlett" />
    <BuildType Name="Release" />
    <BuildType Name="Release_Scarlett" />
    <Platform Name="x64" />
  </Configurations>
  <Project Path="../DirectXTex/DirectXTex_GXDK_PC_2022.vcxproj" Id="9e4d1c18-9e5e-4b35-83be-74830b9b3c34" />
  <Project DefaultStartup="true" Path="xbox/DirectXTexXboxTest_GDK_PC.vcxproj" Id="c94c0fa7-e1ed-41f8-93c8-8ad1b9afbcc4" />
</Solution>
