Microsoft Visual Studio Solution File, Format Version 12.00
# Visual Studio Version 17
VisualStudioVersion = 17.1.32319.34
MinimumVisualStudioVersion = 10.0.40219.1
Project("{8BC9CEB8-8B4A-11D0-8D11-00A0C91BC942}") = "d3d12loadtest_Desktop_2022_Win10", "d3d12loadtest\d3d12loadtest_Desktop_2022_Win10.vcxproj", "{1253F761-7821-47BD-8185-2FF0A54A4572}"
EndProject
Project("{8BC9CEB8-8B4A-11D0-8D11-00A0C91BC942}") = "DirectXTex", "..\DirectXTex\DirectXTex_Desktop_2022_Win10.vcxproj", "{371B9FA9-4C90-4AC6-A123-ACED756D6C77}"
EndProject
Project("{8BC9CEB8-8B4A-11D0-8D11-00A0C91BC942}") = "xtd3d11_Desktop_2022_Win10", "d3d11\xtd3d11_Desktop_2022_Win10.vcxproj", "{1B283FC1-7914-4B61-A618-0A83DAC6770A}"
EndProject
Project("{2150E333-8FDC-42A3-9474-1A3956D46DE8}") = "Tests", "Tests", "{5E7D3890-B614-4E2E-90EF-46B71AB3B913}"
EndProject
Project("{8BC9CEB8-8B4A-11D0-8D11-00A0C91BC942}") = "xtd3d12_Desktop_2022_Win10", "d3d12\xtd3d12_Desktop_2022_Win10.vcxproj", "{C211AD18-3C9A-4A12-BB1A-624F58E11E76}"
EndProject
Project("{8BC9CEB8-8B4A-11D0-8D11-00A0C91BC942}") = "d3d11loadtest_Desktop_2022_Win10", "d3d11loadtest\d3d11loadtest_Desktop_2022_Win10.vcxproj", "{D55BE9CB-952D-4650-856A-72AC7AA2805D}"
EndProject
Project("{8BC9CEB8-8B4A-11D0-8D11-00A0C91BC942}") = "xtwic_Desktop_2022_Win10", "wic\xtwic_Desktop_2022_Win10.vcxproj", "{587A57B7-656C-4BAD-A117-F2EC74594955}"
EndProject
Project("{2150E333-8FDC-42A3-9474-1A3956D46DE8}") = "Solution Items", "Solution Items", "{B43B6364-A077-4C35-8FCC-2F317BCF7CA3}"
	ProjectSection(SolutionItems) = preProject
		..\.editorconfig = ..\.editorconfig
	EndProjectSection
EndProject
Project("{8BC9CEB8-8B4A-11D0-8D11-00A0C91BC942}") = "xtcompress_Desktop_2022_Win10", "compress\xtcompress_Desktop_2022_Win10.vcxproj", "{7EF1459A-D590-4C0F-B88E-B70B4D30ED85}"
EndProject
Project("{8BC9CEB8-8B4A-11D0-8D11-00A0C91BC942}") = "xtdds_Desktop_2022_Win10", "dds\xtdds_Desktop_2022_Win10.vcxproj", "{FE5CF2AA-CB4C-43E7-846F-A51CD26A3E87}"
EndProject
Project("{8BC9CEB8-8B4A-11D0-8D11-00A0C91BC942}") = "xtfilter_Desktop_2022_Win10", "filter\xtfilter_Desktop_2022_Win10.vcxproj", "{3F2E8E24-F969-47F5-BA94-79CA8450DA74}"
EndProject
Project("{8BC9CEB8-8B4A-11D0-8D11-00A0C91BC942}") = "xthdr_Desktop_2022_Win10", "hdr\xthdr_Desktop_2022_Win10.vcxproj", "{5CD5746E-789D-40A9-BFD2-251CE659489A}"
EndProject
Project("{8BC9CEB8-8B4A-11D0-8D11-00A0C91BC942}") = "xtppm_Desktop_2022_Win10", "ppm\xtppm_Desktop_2022_Win10.vcxproj", "{F76E12D4-D509-4868-BC20-CE42E8CC3BE5}"
EndProject
Project("{8BC9CEB8-8B4A-11D0-8D11-00A0C91BC942}") = "xttex_Desktop_2022_Win10", "tex\xttex_Desktop_2022_Win10.vcxproj", "{8395A22A-016B-4F36-9EDE-9D274980DFE9}"
EndProject
Project("{8BC9CEB8-8B4A-11D0-8D11-00A0C91BC942}") = "xttga_Desktop_2022_Win10", "tga\xttga_Desktop_2022_Win10.vcxproj", "{6E60CF04-E4E4-4FAC-B9E1-62F783FBBD78}"
EndProject
Global
	GlobalSection(SolutionConfigurationPlatforms) = preSolution
		Debug|ARM64 = Debug|ARM64
		Debug|x64 = Debug|x64
		Debug|x86 = Debug|x86
		Profile|ARM64 = Profile|ARM64
		Profile|x64 = Profile|x64
		Profile|x86 = Profile|x86
		Release|ARM64 = Release|ARM64
		Release|x64 = Release|x64
		Release|x86 = Release|x86
	EndGlobalSection
	GlobalSection(ProjectConfigurationPlatforms) = postSolution
		{1253F761-7821-47BD-8185-2FF0A54A4572}.Debug|ARM64.ActiveCfg = Debug|ARM64
		{1253F761-7821-47BD-8185-2FF0A54A4572}.Debug|ARM64.Build.0 = Debug|ARM64
		{1253F761-7821-47BD-8185-2FF0A54A4572}.Debug|x64.ActiveCfg = Debug|x64
		{1253F761-7821-47BD-8185-2FF0A54A4572}.Debug|x64.Build.0 = Debug|x64
		{1253F761-7821-47BD-8185-2FF0A54A4572}.Debug|x86.ActiveCfg = Debug|Win32
		{1253F761-7821-47BD-8185-2FF0A54A4572}.Debug|x86.Build.0 = Debug|Win32
		{1253F761-7821-47BD-8185-2FF0A54A4572}.Profile|ARM64.ActiveCfg = Release|ARM64
		{1253F761-7821-47BD-8185-2FF0A54A4572}.Profile|ARM64.Build.0 = Release|ARM64
		{1253F761-7821-47BD-8185-2FF0A54A4572}.Profile|x64.ActiveCfg = Release|x64
		{1253F761-7821-47BD-8185-2FF0A54A4572}.Profile|x64.Build.0 = Release|x64
		{1253F761-7821-47BD-8185-2FF0A54A4572}.Profile|x86.ActiveCfg = Release|Win32
		{1253F761-7821-47BD-8185-2FF0A54A4572}.Profile|x86.Build.0 = Release|Win32
		{1253F761-7821-47BD-8185-2FF0A54A4572}.Release|ARM64.ActiveCfg = Release|ARM64
		{1253F761-7821-47BD-8185-2FF0A54A4572}.Release|ARM64.Build.0 = Release|ARM64
		{1253F761-7821-47BD-8185-2FF0A54A4572}.Release|x64.ActiveCfg = Release|x64
		{1253F761-7821-47BD-8185-2FF0A54A4572}.Release|x64.Build.0 = Release|x64
		{1253F761-7821-47BD-8185-2FF0A54A4572}.Release|x86.ActiveCfg = Release|Win32
		{1253F761-7821-47BD-8185-2FF0A54A4572}.Release|x86.Build.0 = Release|Win32
		{371B9FA9-4C90-4AC6-A123-ACED756D6C77}.Debug|ARM64.ActiveCfg = Debug|ARM64
		{371B9FA9-4C90-4AC6-A123-ACED756D6C77}.Debug|ARM64.Build.0 = Debug|ARM64
		{371B9FA9-4C90-4AC6-A123-ACED756D6C77}.Debug|x64.ActiveCfg = Debug|x64
		{371B9FA9-4C90-4AC6-A123-ACED756D6C77}.Debug|x64.Build.0 = Debug|x64
		{371B9FA9-4C90-4AC6-A123-ACED756D6C77}.Debug|x86.ActiveCfg = Debug|Win32
		{371B9FA9-4C90-4AC6-A123-ACED756D6C77}.Debug|x86.Build.0 = Debug|Win32
		{371B9FA9-4C90-4AC6-A123-ACED756D6C77}.Profile|ARM64.ActiveCfg = Profile|ARM64
		{371B9FA9-4C90-4AC6-A123-ACED756D6C77}.Profile|ARM64.Build.0 = Profile|ARM64
		{371B9FA9-4C90-4AC6-A123-ACED756D6C77}.Profile|x64.ActiveCfg = Profile|x64
		{371B9FA9-4C90-4AC6-A123-ACED756D6C77}.Profile|x64.Build.0 = Profile|x64
		{371B9FA9-4C90-4AC6-A123-ACED756D6C77}.Profile|x86.ActiveCfg = Profile|Win32
		{371B9FA9-4C90-4AC6-A123-ACED756D6C77}.Profile|x86.Build.0 = Profile|Win32
		{371B9FA9-4C90-4AC6-A123-ACED756D6C77}.Release|ARM64.ActiveCfg = Release|ARM64
		{371B9FA9-4C90-4AC6-A123-ACED756D6C77}.Release|ARM64.Build.0 = Release|ARM64
		{371B9FA9-4C90-4AC6-A123-ACED756D6C77}.Release|x64.ActiveCfg = Release|x64
		{371B9FA9-4C90-4AC6-A123-ACED756D6C77}.Release|x64.Build.0 = Release|x64
		{371B9FA9-4C90-4AC6-A123-ACED756D6C77}.Release|x86.ActiveCfg = Release|Win32
		{371B9FA9-4C90-4AC6-A123-ACED756D6C77}.Release|x86.Build.0 = Release|Win32
		{1B283FC1-7914-4B61-A618-0A83DAC6770A}.Debug|ARM64.ActiveCfg = Debug|ARM64
		{1B283FC1-7914-4B61-A618-0A83DAC6770A}.Debug|ARM64.Build.0 = Debug|ARM64
		{1B283FC1-7914-4B61-A618-0A83DAC6770A}.Debug|x64.ActiveCfg = Debug|x64
		{1B283FC1-7914-4B61-A618-0A83DAC6770A}.Debug|x64.Build.0 = Debug|x64
		{1B283FC1-7914-4B61-A618-0A83DAC6770A}.Debug|x86.ActiveCfg = Debug|Win32
		{1B283FC1-7914-4B61-A618-0A83DAC6770A}.Debug|x86.Build.0 = Debug|Win32
		{1B283FC1-7914-4B61-A618-0A83DAC6770A}.Profile|ARM64.ActiveCfg = Release|ARM64
		{1B283FC1-7914-4B61-A618-0A83DAC6770A}.Profile|ARM64.Build.0 = Release|ARM64
		{1B283FC1-7914-4B61-A618-0A83DAC6770A}.Profile|x64.ActiveCfg = Release|x64
		{1B283FC1-7914-4B61-A618-0A83DAC6770A}.Profile|x64.Build.0 = Release|x64
		{1B283FC1-7914-4B61-A618-0A83DAC6770A}.Profile|x86.ActiveCfg = Release|Win32
		{1B283FC1-7914-4B61-A618-0A83DAC6770A}.Profile|x86.Build.0 = Release|Win32
		{1B283FC1-7914-4B61-A618-0A83DAC6770A}.Release|ARM64.ActiveCfg = Release|ARM64
		{1B283FC1-7914-4B61-A618-0A83DAC6770A}.Release|ARM64.Build.0 = Release|ARM64
		{1B283FC1-7914-4B61-A618-0A83DAC6770A}.Release|x64.ActiveCfg = Release|x64
		{1B283FC1-7914-4B61-A618-0A83DAC6770A}.Release|x64.Build.0 = Release|x64
		{1B283FC1-7914-4B61-A618-0A83DAC6770A}.Release|x86.ActiveCfg = Release|Win32
		{1B283FC1-7914-4B61-A618-0A83DAC6770A}.Release|x86.Build.0 = Release|Win32
		{C211AD18-3C9A-4A12-BB1A-624F58E11E76}.Debug|ARM64.ActiveCfg = Debug|ARM64
		{C211AD18-3C9A-4A12-BB1A-624F58E11E76}.Debug|ARM64.Build.0 = Debug|ARM64
		{C211AD18-3C9A-4A12-BB1A-624F58E11E76}.Debug|x64.ActiveCfg = Debug|x64
		{C211AD18-3C9A-4A12-BB1A-624F58E11E76}.Debug|x64.Build.0 = Debug|x64
		{C211AD18-3C9A-4A12-BB1A-624F58E11E76}.Debug|x86.ActiveCfg = Debug|Win32
		{C211AD18-3C9A-4A12-BB1A-624F58E11E76}.Debug|x86.Build.0 = Debug|Win32
		{C211AD18-3C9A-4A12-BB1A-624F58E11E76}.Profile|ARM64.ActiveCfg = Release|ARM64
		{C211AD18-3C9A-4A12-BB1A-624F58E11E76}.Profile|ARM64.Build.0 = Release|ARM64
		{C211AD18-3C9A-4A12-BB1A-624F58E11E76}.Profile|x64.ActiveCfg = Release|x64
		{C211AD18-3C9A-4A12-BB1A-624F58E11E76}.Profile|x64.Build.0 = Release|x64
		{C211AD18-3C9A-4A12-BB1A-624F58E11E76}.Profile|x86.ActiveCfg = Release|Win32
		{C211AD18-3C9A-4A12-BB1A-624F58E11E76}.Profile|x86.Build.0 = Release|Win32
		{C211AD18-3C9A-4A12-BB1A-624F58E11E76}.Release|ARM64.ActiveCfg = Release|ARM64
		{C211AD18-3C9A-4A12-BB1A-624F58E11E76}.Release|ARM64.Build.0 = Release|ARM64
		{C211AD18-3C9A-4A12-BB1A-624F58E11E76}.Release|x64.ActiveCfg = Release|x64
		{C211AD18-3C9A-4A12-BB1A-624F58E11E76}.Release|x64.Build.0 = Release|x64
		{C211AD18-3C9A-4A12-BB1A-624F58E11E76}.Release|x86.ActiveCfg = Release|Win32
		{C211AD18-3C9A-4A12-BB1A-624F58E11E76}.Release|x86.Build.0 = Release|Win32
		{D55BE9CB-952D-4650-856A-72AC7AA2805D}.Debug|ARM64.ActiveCfg = Debug|ARM64
		{D55BE9CB-952D-4650-856A-72AC7AA2805D}.Debug|ARM64.Build.0 = Debug|ARM64
		{D55BE9CB-952D-4650-856A-72AC7AA2805D}.Debug|x64.ActiveCfg = Debug|x64
		{D55BE9CB-952D-4650-856A-72AC7AA2805D}.Debug|x64.Build.0 = Debug|x64
		{D55BE9CB-952D-4650-856A-72AC7AA2805D}.Debug|x86.ActiveCfg = Debug|Win32
		{D55BE9CB-952D-4650-856A-72AC7AA2805D}.Debug|x86.Build.0 = Debug|Win32
		{D55BE9CB-952D-4650-856A-72AC7AA2805D}.Profile|ARM64.ActiveCfg = Release|ARM64
		{D55BE9CB-952D-4650-856A-72AC7AA2805D}.Profile|ARM64.Build.0 = Release|ARM64
		{D55BE9CB-952D-4650-856A-72AC7AA2805D}.Profile|x64.ActiveCfg = Release|x64
		{D55BE9CB-952D-4650-856A-72AC7AA2805D}.Profile|x64.Build.0 = Release|x64
		{D55BE9CB-952D-4650-856A-72AC7AA2805D}.Profile|x86.ActiveCfg = Release|Win32
		{D55BE9CB-952D-4650-856A-72AC7AA2805D}.Profile|x86.Build.0 = Release|Win32
		{D55BE9CB-952D-4650-856A-72AC7AA2805D}.Release|ARM64.ActiveCfg = Release|ARM64
		{D55BE9CB-952D-4650-856A-72AC7AA2805D}.Release|ARM64.Build.0 = Release|ARM64
		{D55BE9CB-952D-4650-856A-72AC7AA2805D}.Release|x64.ActiveCfg = Release|x64
		{D55BE9CB-952D-4650-856A-72AC7AA2805D}.Release|x64.Build.0 = Release|x64
		{D55BE9CB-952D-4650-856A-72AC7AA2805D}.Release|x86.ActiveCfg = Release|Win32
		{D55BE9CB-952D-4650-856A-72AC7AA2805D}.Release|x86.Build.0 = Release|Win32
		{587A57B7-656C-4BAD-A117-F2EC74594955}.Debug|ARM64.ActiveCfg = Debug|ARM64
		{587A57B7-656C-4BAD-A117-F2EC74594955}.Debug|ARM64.Build.0 = Debug|ARM64
		{587A57B7-656C-4BAD-A117-F2EC74594955}.Debug|x64.ActiveCfg = Debug|x64
		{587A57B7-656C-4BAD-A117-F2EC74594955}.Debug|x64.Build.0 = Debug|x64
		{587A57B7-656C-4BAD-A117-F2EC74594955}.Debug|x86.ActiveCfg = Debug|Win32
		{587A57B7-656C-4BAD-A117-F2EC74594955}.Debug|x86.Build.0 = Debug|Win32
		{587A57B7-656C-4BAD-A117-F2EC74594955}.Profile|ARM64.ActiveCfg = Release|ARM64
		{587A57B7-656C-4BAD-A117-F2EC74594955}.Profile|ARM64.Build.0 = Release|ARM64
		{587A57B7-656C-4BAD-A117-F2EC74594955}.Profile|x64.ActiveCfg = Debug|x64
		{587A57B7-656C-4BAD-A117-F2EC74594955}.Profile|x64.Build.0 = Debug|x64
		{587A57B7-656C-4BAD-A117-F2EC74594955}.Profile|x86.ActiveCfg = Debug|Win32
		{587A57B7-656C-4BAD-A117-F2EC74594955}.Profile|x86.Build.0 = Debug|Win32
		{587A57B7-656C-4BAD-A117-F2EC74594955}.Release|ARM64.ActiveCfg = Release|ARM64
		{587A57B7-656C-4BAD-A117-F2EC74594955}.Release|ARM64.Build.0 = Release|ARM64
		{587A57B7-656C-4BAD-A117-F2EC74594955}.Release|x64.ActiveCfg = Release|x64
		{587A57B7-656C-4BAD-A117-F2EC74594955}.Release|x64.Build.0 = Release|x64
		{587A57B7-656C-4BAD-A117-F2EC74594955}.Release|x86.ActiveCfg = Release|Win32
		{587A57B7-656C-4BAD-A117-F2EC74594955}.Release|x86.Build.0 = Release|Win32
		{7EF1459A-D590-4C0F-B88E-B70B4D30ED85}.Debug|ARM64.ActiveCfg = Debug|ARM64
		{7EF1459A-D590-4C0F-B88E-B70B4D30ED85}.Debug|ARM64.Build.0 = Debug|ARM64
		{7EF1459A-D590-4C0F-B88E-B70B4D30ED85}.Debug|x64.ActiveCfg = Debug|x64
		{7EF1459A-D590-4C0F-B88E-B70B4D30ED85}.Debug|x64.Build.0 = Debug|x64
		{7EF1459A-D590-4C0F-B88E-B70B4D30ED85}.Debug|x86.ActiveCfg = Debug|Win32
		{7EF1459A-D590-4C0F-B88E-B70B4D30ED85}.Debug|x86.Build.0 = Debug|Win32
		{7EF1459A-D590-4C0F-B88E-B70B4D30ED85}.Profile|ARM64.ActiveCfg = Release|ARM64
		{7EF1459A-D590-4C0F-B88E-B70B4D30ED85}.Profile|ARM64.Build.0 = Release|ARM64
		{7EF1459A-D590-4C0F-B88E-B70B4D30ED85}.Profile|x64.ActiveCfg = Debug|x64
		{7EF1459A-D590-4C0F-B88E-B70B4D30ED85}.Profile|x64.Build.0 = Debug|x64
		{7EF1459A-D590-4C0F-B88E-B70B4D30ED85}.Profile|x86.ActiveCfg = Debug|Win32
		{7EF1459A-D590-4C0F-B88E-B70B4D30ED85}.Profile|x86.Build.0 = Debug|Win32
		{7EF1459A-D590-4C0F-B88E-B70B4D30ED85}.Release|ARM64.ActiveCfg = Release|ARM64
		{7EF1459A-D590-4C0F-B88E-B70B4D30ED85}.Release|ARM64.Build.0 = Release|ARM64
		{7EF1459A-D590-4C0F-B88E-B70B4D30ED85}.Release|x64.ActiveCfg = Release|x64
		{7EF1459A-D590-4C0F-B88E-B70B4D30ED85}.Release|x64.Build.0 = Release|x64
		{7EF1459A-D590-4C0F-B88E-B70B4D30ED85}.Release|x86.ActiveCfg = Release|Win32
		{7EF1459A-D590-4C0F-B88E-B70B4D30ED85}.Release|x86.Build.0 = Release|Win32
		{FE5CF2AA-CB4C-43E7-846F-A51CD26A3E87}.Debug|ARM64.ActiveCfg = Debug|ARM64
		{FE5CF2AA-CB4C-43E7-846F-A51CD26A3E87}.Debug|ARM64.Build.0 = Debug|ARM64
		{FE5CF2AA-CB4C-43E7-846F-A51CD26A3E87}.Debug|x64.ActiveCfg = Debug|x64
		{FE5CF2AA-CB4C-43E7-846F-A51CD26A3E87}.Debug|x64.Build.0 = Debug|x64
		{FE5CF2AA-CB4C-43E7-846F-A51CD26A3E87}.Debug|x86.ActiveCfg = Debug|Win32
		{FE5CF2AA-CB4C-43E7-846F-A51CD26A3E87}.Debug|x86.Build.0 = Debug|Win32
		{FE5CF2AA-CB4C-43E7-846F-A51CD26A3E87}.Profile|ARM64.ActiveCfg = Release|ARM64
		{FE5CF2AA-CB4C-43E7-846F-A51CD26A3E87}.Profile|ARM64.Build.0 = Release|ARM64
		{FE5CF2AA-CB4C-43E7-846F-A51CD26A3E87}.Profile|x64.ActiveCfg = Debug|x64
		{FE5CF2AA-CB4C-43E7-846F-A51CD26A3E87}.Profile|x64.Build.0 = Debug|x64
		{FE5CF2AA-CB4C-43E7-846F-A51CD26A3E87}.Profile|x86.ActiveCfg = Debug|Win32
		{FE5CF2AA-CB4C-43E7-846F-A51CD26A3E87}.Profile|x86.Build.0 = Debug|Win32
		{FE5CF2AA-CB4C-43E7-846F-A51CD26A3E87}.Release|ARM64.ActiveCfg = Release|ARM64
		{FE5CF2AA-CB4C-43E7-846F-A51CD26A3E87}.Release|ARM64.Build.0 = Release|ARM64
		{FE5CF2AA-CB4C-43E7-846F-A51CD26A3E87}.Release|x64.ActiveCfg = Release|x64
		{FE5CF2AA-CB4C-43E7-846F-A51CD26A3E87}.Release|x64.Build.0 = Release|x64
		{FE5CF2AA-CB4C-43E7-846F-A51CD26A3E87}.Release|x86.ActiveCfg = Release|Win32
		{FE5CF2AA-CB4C-43E7-846F-A51CD26A3E87}.Release|x86.Build.0 = Release|Win32
		{3F2E8E24-F969-47F5-BA94-79CA8450DA74}.Debug|ARM64.ActiveCfg = Debug|ARM64
		{3F2E8E24-F969-47F5-BA94-79CA8450DA74}.Debug|ARM64.Build.0 = Debug|ARM64
		{3F2E8E24-F969-47F5-BA94-79CA8450DA74}.Debug|x64.ActiveCfg = Debug|x64
		{3F2E8E24-F969-47F5-BA94-79CA8450DA74}.Debug|x64.Build.0 = Debug|x64
		{3F2E8E24-F969-47F5-BA94-79CA8450DA74}.Debug|x86.ActiveCfg = Debug|Win32
		{3F2E8E24-F969-47F5-BA94-79CA8450DA74}.Debug|x86.Build.0 = Debug|Win32
		{3F2E8E24-F969-47F5-BA94-79CA8450DA74}.Profile|ARM64.ActiveCfg = Release|ARM64
		{3F2E8E24-F969-47F5-BA94-79CA8450DA74}.Profile|ARM64.Build.0 = Release|ARM64
		{3F2E8E24-F969-47F5-BA94-79CA8450DA74}.Profile|x64.ActiveCfg = Debug|x64
		{3F2E8E24-F969-47F5-BA94-79CA8450DA74}.Profile|x64.Build.0 = Debug|x64
		{3F2E8E24-F969-47F5-BA94-79CA8450DA74}.Profile|x86.ActiveCfg = Debug|Win32
		{3F2E8E24-F969-47F5-BA94-79CA8450DA74}.Profile|x86.Build.0 = Debug|Win32
		{3F2E8E24-F969-47F5-BA94-79CA8450DA74}.Release|ARM64.ActiveCfg = Release|ARM64
		{3F2E8E24-F969-47F5-BA94-79CA8450DA74}.Release|ARM64.Build.0 = Release|ARM64
		{3F2E8E24-F969-47F5-BA94-79CA8450DA74}.Release|x64.ActiveCfg = Release|x64
		{3F2E8E24-F969-47F5-BA94-79CA8450DA74}.Release|x64.Build.0 = Release|x64
		{3F2E8E24-F969-47F5-BA94-79CA8450DA74}.Release|x86.ActiveCfg = Release|Win32
		{3F2E8E24-F969-47F5-BA94-79CA8450DA74}.Release|x86.Build.0 = Release|Win32
		{5CD5746E-789D-40A9-BFD2-251CE659489A}.Debug|ARM64.ActiveCfg = Debug|ARM64
		{5CD5746E-789D-40A9-BFD2-251CE659489A}.Debug|ARM64.Build.0 = Debug|ARM64
		{5CD5746E-789D-40A9-BFD2-251CE659489A}.Debug|x64.ActiveCfg = Debug|x64
		{5CD5746E-789D-40A9-BFD2-251CE659489A}.Debug|x64.Build.0 = Debug|x64
		{5CD5746E-789D-40A9-BFD2-251CE659489A}.Debug|x86.ActiveCfg = Debug|Win32
		{5CD5746E-789D-40A9-BFD2-251CE659489A}.Debug|x86.Build.0 = Debug|Win32
		{5CD5746E-789D-40A9-BFD2-251CE659489A}.Profile|ARM64.ActiveCfg = Release|ARM64
		{5CD5746E-789D-40A9-BFD2-251CE659489A}.Profile|ARM64.Build.0 = Release|ARM64
		{5CD5746E-789D-40A9-BFD2-251CE659489A}.Profile|x64.ActiveCfg = Debug|x64
		{5CD5746E-789D-40A9-BFD2-251CE659489A}.Profile|x64.Build.0 = Debug|x64
		{5CD5746E-789D-40A9-BFD2-251CE659489A}.Profile|x86.ActiveCfg = Debug|Win32
		{5CD5746E-789D-40A9-BFD2-251CE659489A}.Profile|x86.Build.0 = Debug|Win32
		{5CD5746E-789D-40A9-BFD2-251CE659489A}.Release|ARM64.ActiveCfg = Release|ARM64
		{5CD5746E-789D-40A9-BFD2-251CE659489A}.Release|ARM64.Build.0 = Release|ARM64
		{5CD5746E-789D-40A9-BFD2-251CE659489A}.Release|x64.ActiveCfg = Release|x64
		{5CD5746E-789D-40A9-BFD2-251CE659489A}.Release|x64.Build.0 = Release|x64
		{5CD5746E-789D-40A9-BFD2-251CE659489A}.Release|x86.ActiveCfg = Release|Win32
		{5CD5746E-789D-40A9-BFD2-251CE659489A}.Release|x86.Build.0 = Release|Win32
		{F76E12D4-D509-4868-BC20-CE42E8CC3BE5}.Debug|ARM64.ActiveCfg = Debug|ARM64
		{F76E12D4-D509-4868-BC20-CE42E8CC3BE5}.Debug|ARM64.Build.0 = Debug|ARM64
		{F76E12D4-D509-4868-BC20-CE42E8CC3BE5}.Debug|x64.ActiveCfg = Debug|x64
		{F76E12D4-D509-4868-BC20-CE42E8CC3BE5}.Debug|x64.Build.0 = Debug|x64
		{F76E12D4-D509-4868-BC20-CE42E8CC3BE5}.Debug|x86.ActiveCfg = Debug|Win32
		{F76E12D4-D509-4868-BC20-CE42E8CC3BE5}.Debug|x86.Build.0 = Debug|Win32
		{F76E12D4-D509-4868-BC20-CE42E8CC3BE5}.Profile|ARM64.ActiveCfg = Release|ARM64
		{F76E12D4-D509-4868-BC20-CE42E8CC3BE5}.Profile|ARM64.Build.0 = Release|ARM64
		{F76E12D4-D509-4868-BC20-CE42E8CC3BE5}.Profile|x64.ActiveCfg = Debug|x64
		{F76E12D4-D509-4868-BC20-CE42E8CC3BE5}.Profile|x64.Build.0 = Debug|x64
		{F76E12D4-D509-4868-BC20-CE42E8CC3BE5}.Profile|x86.ActiveCfg = Debug|Win32
		{F76E12D4-D509-4868-BC20-CE42E8CC3BE5}.Profile|x86.Build.0 = Debug|Win32
		{F76E12D4-D509-4868-BC20-CE42E8CC3BE5}.Release|ARM64.ActiveCfg = Release|ARM64
		{F76E12D4-D509-4868-BC20-CE42E8CC3BE5}.Release|ARM64.Build.0 = Release|ARM64
		{F76E12D4-D509-4868-BC20-CE42E8CC3BE5}.Release|x64.ActiveCfg = Release|x64
		{F76E12D4-D509-4868-BC20-CE42E8CC3BE5}.Release|x64.Build.0 = Release|x64
		{F76E12D4-D509-4868-BC20-CE42E8CC3BE5}.Release|x86.ActiveCfg = Release|Win32
		{F76E12D4-D509-4868-BC20-CE42E8CC3BE5}.Release|x86.Build.0 = Release|Win32
		{8395A22A-016B-4F36-9EDE-9D274980DFE9}.Debug|ARM64.ActiveCfg = Debug|ARM64
		{8395A22A-016B-4F36-9EDE-9D274980DFE9}.Debug|ARM64.Build.0 = Debug|ARM64
		{8395A22A-016B-4F36-9EDE-9D274980DFE9}.Debug|x64.ActiveCfg = Debug|x64
		{8395A22A-016B-4F36-9EDE-9D274980DFE9}.Debug|x64.Build.0 = Debug|x64
		{8395A22A-016B-4F36-9EDE-9D274980DFE9}.Debug|x86.ActiveCfg = Debug|Win32
		{8395A22A-016B-4F36-9EDE-9D274980DFE9}.Debug|x86.Build.0 = Debug|Win32
		{8395A22A-016B-4F36-9EDE-9D274980DFE9}.Profile|ARM64.ActiveCfg = Release|ARM64
		{8395A22A-016B-4F36-9EDE-9D274980DFE9}.Profile|ARM64.Build.0 = Release|ARM64
		{8395A22A-016B-4F36-9EDE-9D274980DFE9}.Profile|x64.ActiveCfg = Debug|x64
		{8395A22A-016B-4F36-9EDE-9D274980DFE9}.Profile|x64.Build.0 = Debug|x64
		{8395A22A-016B-4F36-9EDE-9D274980DFE9}.Profile|x86.ActiveCfg = Debug|Win32
		{8395A22A-016B-4F36-9EDE-9D274980DFE9}.Profile|x86.Build.0 = Debug|Win32
		{8395A22A-016B-4F36-9EDE-9D274980DFE9}.Release|ARM64.ActiveCfg = Release|ARM64
		{8395A22A-016B-4F36-9EDE-9D274980DFE9}.Release|ARM64.Build.0 = Release|ARM64
		{8395A22A-016B-4F36-9EDE-9D274980DFE9}.Release|x64.ActiveCfg = Release|x64
		{8395A22A-016B-4F36-9EDE-9D274980DFE9}.Release|x64.Build.0 = Release|x64
		{8395A22A-016B-4F36-9EDE-9D274980DFE9}.Release|x86.ActiveCfg = Release|Win32
		{8395A22A-016B-4F36-9EDE-9D274980DFE9}.Release|x86.Build.0 = Release|Win32
		{6E60CF04-E4E4-4FAC-B9E1-62F783FBBD78}.Debug|ARM64.ActiveCfg = Debug|ARM64
		{6E60CF04-E4E4-4FAC-B9E1-62F783FBBD78}.Debug|ARM64.Build.0 = Debug|ARM64
		{6E60CF04-E4E4-4FAC-B9E1-62F783FBBD78}.Debug|x64.ActiveCfg = Debug|x64
		{6E60CF04-E4E4-4FAC-B9E1-62F783FBBD78}.Debug|x64.Build.0 = Debug|x64
		{6E60CF04-E4E4-4FAC-B9E1-62F783FBBD78}.Debug|x86.ActiveCfg = Debug|Win32
		{6E60CF04-E4E4-4FAC-B9E1-62F783FBBD78}.Debug|x86.Build.0 = Debug|Win32
		{6E60CF04-E4E4-4FAC-B9E1-62F783FBBD78}.Profile|ARM64.ActiveCfg = Release|ARM64
		{6E60CF04-E4E4-4FAC-B9E1-62F783FBBD78}.Profile|ARM64.Build.0 = Release|ARM64
		{6E60CF04-E4E4-4FAC-B9E1-62F783FBBD78}.Profile|x64.ActiveCfg = Debug|x64
		{6E60CF04-E4E4-4FAC-B9E1-62F783FBBD78}.Profile|x64.Build.0 = Debug|x64
		{6E60CF04-E4E4-4FAC-B9E1-62F783FBBD78}.Profile|x86.ActiveCfg = Debug|Win32
		{6E60CF04-E4E4-4FAC-B9E1-62F783FBBD78}.Profile|x86.Build.0 = Debug|Win32
		{6E60CF04-E4E4-4FAC-B9E1-62F783FBBD78}.Release|ARM64.ActiveCfg = Release|ARM64
		{6E60CF04-E4E4-4FAC-B9E1-62F783FBBD78}.Release|ARM64.Build.0 = Release|ARM64
		{6E60CF04-E4E4-4FAC-B9E1-62F783FBBD78}.Release|x64.ActiveCfg = Release|x64
		{6E60CF04-E4E4-4FAC-B9E1-62F783FBBD78}.Release|x64.Build.0 = Release|x64
		{6E60CF04-E4E4-4FAC-B9E1-62F783FBBD78}.Release|x86.ActiveCfg = Release|Win32
		{6E60CF04-E4E4-4FAC-B9E1-62F783FBBD78}.Release|x86.Build.0 = Release|Win32
	EndGlobalSection
	GlobalSection(SolutionProperties) = preSolution
		HideSolutionNode = FALSE
	EndGlobalSection
	GlobalSection(NestedProjects) = preSolution
		{1253F761-7821-47BD-8185-2FF0A54A4572} = {5E7D3890-B614-4E2E-90EF-46B71AB3B913}
		{1B283FC1-7914-4B61-A618-0A83DAC6770A} = {5E7D3890-B614-4E2E-90EF-46B71AB3B913}
		{C211AD18-3C9A-4A12-BB1A-624F58E11E76} = {5E7D3890-B614-4E2E-90EF-46B71AB3B913}
		{D55BE9CB-952D-4650-856A-72AC7AA2805D} = {5E7D3890-B614-4E2E-90EF-46B71AB3B913}
		{587A57B7-656C-4BAD-A117-F2EC74594955} = {5E7D3890-B614-4E2E-90EF-46B71AB3B913}
		{7EF1459A-D590-4C0F-B88E-B70B4D30ED85} = {5E7D3890-B614-4E2E-90EF-46B71AB3B913}
		{FE5CF2AA-CB4C-43E7-846F-A51CD26A3E87} = {5E7D3890-B614-4E2E-90EF-46B71AB3B913}
		{3F2E8E24-F969-47F5-BA94-79CA8450DA74} = {5E7D3890-B614-4E2E-90EF-46B71AB3B913}
		{5CD5746E-789D-40A9-BFD2-251CE659489A} = {5E7D3890-B614-4E2E-90EF-46B71AB3B913}
		{F76E12D4-D509-4868-BC20-CE42E8CC3BE5} = {5E7D3890-B614-4E2E-90EF-46B71AB3B913}
		{8395A22A-016B-4F36-9EDE-9D274980DFE9} = {5E7D3890-B614-4E2E-90EF-46B71AB3B913}
		{6E60CF04-E4E4-4FAC-B9E1-62F783FBBD78} = {5E7D3890-B614-4E2E-90EF-46B71AB3B913}
	EndGlobalSection
	GlobalSection(ExtensibilityGlobals) = postSolution
		SolutionGuid = {9FFE7555-D7C1-4148-9C15-8782A492DF01}
	EndGlobalSection
EndGlobal
