
Microsoft Visual Studio Solution File, Format Version 12.00
# Visual Studio Version 16
VisualStudioVersion = 16.0.29613.14
MinimumVisualStudioVersion = 10.0.40219.1
Project("{8BC9CEB8-8B4A-11D0-8D11-00A0C91BC942}") = "d3d12loadtest_Desktop_2019_Win10", "d3d12loadtest\d3d12loadtest_Desktop_2019_Win10.vcxproj", "{1253F761-7821-47BD-8185-2FF0A54A4572}"
EndProject
Project("{8BC9CEB8-8B4A-11D0-8D11-00A0C91BC942}") = "DirectXTex", "..\DirectXTex\DirectXTex_Desktop_2019_Win10.vcxproj", "{371B9FA9-4C90-4AC6-A123-ACED756D6C77}"
EndProject
Project("{8BC9CEB8-8B4A-11D0-8D11-00A0C91BC942}") = "xtd3d11_Desktop_2019_Win10", "d3d11\xtd3d11_Desktop_2019_Win10.vcxproj", "{1B283FC1-7914-4B61-A618-0A83DAC6770A}"
EndProject
Project("{2150E333-8FDC-42A3-9474-1A3956D46DE8}") = "Tests", "Tests", "{5E7D3890-B614-4E2E-90EF-46B71AB3B913}"
EndProject
Project("{8BC9CEB8-8B4A-11D0-8D11-00A0C91BC942}") = "xtd3d12_Desktop_2019_Win10", "d3d12\xtd3d12_Desktop_2019_Win10.vcxproj", "{C211AD18-3C9A-4A12-BB1A-624F58E11E76}"
EndProject
Project("{8BC9CEB8-8B4A-11D0-8D11-00A0C91BC942}") = "d3d11loadtest_Desktop_2019_Win10", "d3d11loadtest\d3d11loadtest_Desktop_2019_Win10.vcxproj", "{D55BE9CB-952D-4650-856A-72AC7AA2805D}"
EndProject
Global
	GlobalSection(SolutionConfigurationPlatforms) = preSolution
		Debug|ARM64 = Debug|ARM64
		Debug|x64 = Debug|x64
		Debug|x86 = Debug|x86
		Profile|ARM64 = Profile|ARM64
		Profile|x64 = Profile|x64
		Profile|x86 = Profile|x86
		Release|ARM64 = Release|ARM64
		Release|x64 = Release|x64
		Release|x86 = Release|x86
	EndGlobalSection
	GlobalSection(ProjectConfigurationPlatforms) = postSolution
		{1253F761-7821-47BD-8185-2FF0A54A4572}.Debug|ARM64.ActiveCfg = Debug|ARM64
		{1253F761-7821-47BD-8185-2FF0A54A4572}.Debug|ARM64.Build.0 = Debug|ARM64
		{1253F761-7821-47BD-8185-2FF0A54A4572}.Debug|x64.ActiveCfg = Debug|x64
		{1253F761-7821-47BD-8185-2FF0A54A4572}.Debug|x64.Build.0 = Debug|x64
		{1253F761-7821-47BD-8185-2FF0A54A4572}.Debug|x86.ActiveCfg = Debug|Win32
		{1253F761-7821-47BD-8185-2FF0A54A4572}.Debug|x86.Build.0 = Debug|Win32
		{1253F761-7821-47BD-8185-2FF0A54A4572}.Profile|ARM64.ActiveCfg = Release|ARM64
		{1253F761-7821-47BD-8185-2FF0A54A4572}.Profile|ARM64.Build.0 = Release|ARM64
		{1253F761-7821-47BD-8185-2FF0A54A4572}.Profile|x64.ActiveCfg = Release|x64
		{1253F761-7821-47BD-8185-2FF0A54A4572}.Profile|x64.Build.0 = Release|x64
		{1253F761-7821-47BD-8185-2FF0A54A4572}.Profile|x86.ActiveCfg = Release|Win32
		{1253F761-7821-47BD-8185-2FF0A54A4572}.Profile|x86.Build.0 = Release|Win32
		{1253F761-7821-47BD-8185-2FF0A54A4572}.Release|ARM64.ActiveCfg = Release|ARM64
		{1253F761-7821-47BD-8185-2FF0A54A4572}.Release|ARM64.Build.0 = Release|ARM64
		{1253F761-7821-47BD-8185-2FF0A54A4572}.Release|x64.ActiveCfg = Release|x64
		{1253F761-7821-47BD-8185-2FF0A54A4572}.Release|x64.Build.0 = Release|x64
		{1253F761-7821-47BD-8185-2FF0A54A4572}.Release|x86.ActiveCfg = Release|Win32
		{1253F761-7821-47BD-8185-2FF0A54A4572}.Release|x86.Build.0 = Release|Win32
		{371B9FA9-4C90-4AC6-A123-ACED756D6C77}.Debug|ARM64.ActiveCfg = Debug|ARM64
		{371B9FA9-4C90-4AC6-A123-ACED756D6C77}.Debug|ARM64.Build.0 = Debug|ARM64
		{371B9FA9-4C90-4AC6-A123-ACED756D6C77}.Debug|x64.ActiveCfg = Debug|x64
		{371B9FA9-4C90-4AC6-A123-ACED756D6C77}.Debug|x64.Build.0 = Debug|x64
		{371B9FA9-4C90-4AC6-A123-ACED756D6C77}.Debug|x86.ActiveCfg = Debug|Win32
		{371B9FA9-4C90-4AC6-A123-ACED756D6C77}.Debug|x86.Build.0 = Debug|Win32
		{371B9FA9-4C90-4AC6-A123-ACED756D6C77}.Profile|ARM64.ActiveCfg = Profile|ARM64
		{371B9FA9-4C90-4AC6-A123-ACED756D6C77}.Profile|ARM64.Build.0 = Profile|ARM64
		{371B9FA9-4C90-4AC6-A123-ACED756D6C77}.Profile|x64.ActiveCfg = Profile|x64
		{371B9FA9-4C90-4AC6-A123-ACED756D6C77}.Profile|x64.Build.0 = Profile|x64
		{371B9FA9-4C90-4AC6-A123-ACED756D6C77}.Profile|x86.ActiveCfg = Profile|Win32
		{371B9FA9-4C90-4AC6-A123-ACED756D6C77}.Profile|x86.Build.0 = Profile|Win32
		{371B9FA9-4C90-4AC6-A123-ACED756D6C77}.Release|ARM64.ActiveCfg = Release|ARM64
		{371B9FA9-4C90-4AC6-A123-ACED756D6C77}.Release|ARM64.Build.0 = Release|ARM64
		{371B9FA9-4C90-4AC6-A123-ACED756D6C77}.Release|x64.ActiveCfg = Release|x64
		{371B9FA9-4C90-4AC6-A123-ACED756D6C77}.Release|x64.Build.0 = Release|x64
		{371B9FA9-4C90-4AC6-A123-ACED756D6C77}.Release|x86.ActiveCfg = Release|Win32
		{371B9FA9-4C90-4AC6-A123-ACED756D6C77}.Release|x86.Build.0 = Release|Win32
		{1B283FC1-7914-4B61-A618-0A83DAC6770A}.Debug|ARM64.ActiveCfg = Debug|ARM64
		{1B283FC1-7914-4B61-A618-0A83DAC6770A}.Debug|ARM64.Build.0 = Debug|ARM64
		{1B283FC1-7914-4B61-A618-0A83DAC6770A}.Debug|x64.ActiveCfg = Debug|x64
		{1B283FC1-7914-4B61-A618-0A83DAC6770A}.Debug|x64.Build.0 = Debug|x64
		{1B283FC1-7914-4B61-A618-0A83DAC6770A}.Debug|x86.ActiveCfg = Debug|Win32
		{1B283FC1-7914-4B61-A618-0A83DAC6770A}.Debug|x86.Build.0 = Debug|Win32
		{1B283FC1-7914-4B61-A618-0A83DAC6770A}.Profile|ARM64.ActiveCfg = Release|ARM64
		{1B283FC1-7914-4B61-A618-0A83DAC6770A}.Profile|ARM64.Build.0 = Release|ARM64
		{1B283FC1-7914-4B61-A618-0A83DAC6770A}.Profile|x64.ActiveCfg = Release|x64
		{1B283FC1-7914-4B61-A618-0A83DAC6770A}.Profile|x64.Build.0 = Release|x64
		{1B283FC1-7914-4B61-A618-0A83DAC6770A}.Profile|x86.ActiveCfg = Release|Win32
		{1B283FC1-7914-4B61-A618-0A83DAC6770A}.Profile|x86.Build.0 = Release|Win32
		{1B283FC1-7914-4B61-A618-0A83DAC6770A}.Release|ARM64.ActiveCfg = Release|ARM64
		{1B283FC1-7914-4B61-A618-0A83DAC6770A}.Release|ARM64.Build.0 = Release|ARM64
		{1B283FC1-7914-4B61-A618-0A83DAC6770A}.Release|x64.ActiveCfg = Release|x64
		{1B283FC1-7914-4B61-A618-0A83DAC6770A}.Release|x64.Build.0 = Release|x64
		{1B283FC1-7914-4B61-A618-0A83DAC6770A}.Release|x86.ActiveCfg = Release|Win32
		{1B283FC1-7914-4B61-A618-0A83DAC6770A}.Release|x86.Build.0 = Release|Win32
		{C211AD18-3C9A-4A12-BB1A-624F58E11E76}.Debug|ARM64.ActiveCfg = Debug|ARM64
		{C211AD18-3C9A-4A12-BB1A-624F58E11E76}.Debug|ARM64.Build.0 = Debug|ARM64
		{C211AD18-3C9A-4A12-BB1A-624F58E11E76}.Debug|x64.ActiveCfg = Debug|x64
		{C211AD18-3C9A-4A12-BB1A-624F58E11E76}.Debug|x64.Build.0 = Debug|x64
		{C211AD18-3C9A-4A12-BB1A-624F58E11E76}.Debug|x86.ActiveCfg = Debug|Win32
		{C211AD18-3C9A-4A12-BB1A-624F58E11E76}.Debug|x86.Build.0 = Debug|Win32
		{C211AD18-3C9A-4A12-BB1A-624F58E11E76}.Profile|ARM64.ActiveCfg = Release|ARM64
		{C211AD18-3C9A-4A12-BB1A-624F58E11E76}.Profile|ARM64.Build.0 = Release|ARM64
		{C211AD18-3C9A-4A12-BB1A-624F58E11E76}.Profile|x64.ActiveCfg = Release|x64
		{C211AD18-3C9A-4A12-BB1A-624F58E11E76}.Profile|x64.Build.0 = Release|x64
		{C211AD18-3C9A-4A12-BB1A-624F58E11E76}.Profile|x86.ActiveCfg = Release|Win32
		{C211AD18-3C9A-4A12-BB1A-624F58E11E76}.Profile|x86.Build.0 = Release|Win32
		{C211AD18-3C9A-4A12-BB1A-624F58E11E76}.Release|ARM64.ActiveCfg = Release|ARM64
		{C211AD18-3C9A-4A12-BB1A-624F58E11E76}.Release|ARM64.Build.0 = Release|ARM64
		{C211AD18-3C9A-4A12-BB1A-624F58E11E76}.Release|x64.ActiveCfg = Release|x64
		{C211AD18-3C9A-4A12-BB1A-624F58E11E76}.Release|x64.Build.0 = Release|x64
		{C211AD18-3C9A-4A12-BB1A-624F58E11E76}.Release|x86.ActiveCfg = Release|Win32
		{C211AD18-3C9A-4A12-BB1A-624F58E11E76}.Release|x86.Build.0 = Release|Win32
		{D55BE9CB-952D-4650-856A-72AC7AA2805D}.Debug|ARM64.ActiveCfg = Debug|ARM64
		{D55BE9CB-952D-4650-856A-72AC7AA2805D}.Debug|ARM64.Build.0 = Debug|ARM64
		{D55BE9CB-952D-4650-856A-72AC7AA2805D}.Debug|x64.ActiveCfg = Debug|x64
		{D55BE9CB-952D-4650-856A-72AC7AA2805D}.Debug|x64.Build.0 = Debug|x64
		{D55BE9CB-952D-4650-856A-72AC7AA2805D}.Debug|x86.ActiveCfg = Debug|Win32
		{D55BE9CB-952D-4650-856A-72AC7AA2805D}.Debug|x86.Build.0 = Debug|Win32
		{D55BE9CB-952D-4650-856A-72AC7AA2805D}.Profile|ARM64.ActiveCfg = Release|ARM64
		{D55BE9CB-952D-4650-856A-72AC7AA2805D}.Profile|ARM64.Build.0 = Release|ARM64
		{D55BE9CB-952D-4650-856A-72AC7AA2805D}.Profile|x64.ActiveCfg = Release|x64
		{D55BE9CB-952D-4650-856A-72AC7AA2805D}.Profile|x64.Build.0 = Release|x64
		{D55BE9CB-952D-4650-856A-72AC7AA2805D}.Profile|x86.ActiveCfg = Release|Win32
		{D55BE9CB-952D-4650-856A-72AC7AA2805D}.Profile|x86.Build.0 = Release|Win32
		{D55BE9CB-952D-4650-856A-72AC7AA2805D}.Release|ARM64.ActiveCfg = Release|ARM64
		{D55BE9CB-952D-4650-856A-72AC7AA2805D}.Release|ARM64.Build.0 = Release|ARM64
		{D55BE9CB-952D-4650-856A-72AC7AA2805D}.Release|x64.ActiveCfg = Release|x64
		{D55BE9CB-952D-4650-856A-72AC7AA2805D}.Release|x64.Build.0 = Release|x64
		{D55BE9CB-952D-4650-856A-72AC7AA2805D}.Release|x86.ActiveCfg = Release|Win32
		{D55BE9CB-952D-4650-856A-72AC7AA2805D}.Release|x86.Build.0 = Release|Win32
	EndGlobalSection
	GlobalSection(SolutionProperties) = preSolution
		HideSolutionNode = FALSE
	EndGlobalSection
	GlobalSection(NestedProjects) = preSolution
		{1253F761-7821-47BD-8185-2FF0A54A4572} = {5E7D3890-B614-4E2E-90EF-46B71AB3B913}
		{1B283FC1-7914-4B61-A618-0A83DAC6770A} = {5E7D3890-B614-4E2E-90EF-46B71AB3B913}
		{C211AD18-3C9A-4A12-BB1A-624F58E11E76} = {5E7D3890-B614-4E2E-90EF-46B71AB3B913}
		{D55BE9CB-952D-4650-856A-72AC7AA2805D} = {5E7D3890-B614-4E2E-90EF-46B71AB3B913}
	EndGlobalSection
	GlobalSection(ExtensibilityGlobals) = postSolution
		SolutionGuid = {9FFE7555-D7C1-4148-9C15-8782A492DF01}
	EndGlobalSection
EndGlobal
