<Solution>
  <Configurations>
    <BuildType Name="Debug" />
    <BuildType Name="Profile" />
    <BuildType Name="Release" />
    <Platform Name="Gaming.Xbox.Scarlett.x64" />
    <Platform Name="Gaming.Xbox.XboxOne.x64" />
  </Configurations>
  <Folder Name="/Solution Items/">
    <File Path="../../.editorconfig" />
  </Folder>
  <Project Path="../../DirectXTex/DirectXTex_GDK_2022.vcxproj" Id="e66dd892-857b-4e89-b135-5e2a971a9933" />
  <Project DefaultStartup="true" Path="PlatformTest_GDK_2022.vcxproj" Id="5ceddc97-4cc6-43fa-98c4-d38f386ad0c4">
    <Deploy />
  </Project>
</Solution>
