<?xml version="1.0" encoding="utf-8"?>
<Project ToolsVersion="4.0" xmlns="http://schemas.microsoft.com/developer/msbuild/2003">
  <ItemGroup>
    <Filter Include="Common">
      <UniqueIdentifier>1ad3510d-ea95-4f32-8a2d-e19434aa1e8a</UniqueIdentifier>
    </Filter>
    <Filter Include="Assets">
      <UniqueIdentifier>07665a7a-f575-4978-8316-35b2864a2483</UniqueIdentifier>
      <Extensions>ico;cur;bmp;dds;dlg;fbx;rct;bin;rgs;gif;jpg;jpeg;jpe;resx;tga;tiff;tif;png;wav;mfcribbon-ms</Extensions>
    </Filter>
    <Filter Include="DDS">
      <UniqueIdentifier>{55bb2efa-201e-401e-bf5b-e358f4a26604}</UniqueIdentifier>
    </Filter>
    <Filter Include="WIC">
      <UniqueIdentifier>{3decedf0-8378-40c3-9d19-e62731ea181c}</UniqueIdentifier>
    </Filter>
    <Filter Include="ScreenGrab">
      <UniqueIdentifier>{00a0b528-2a97-4ca3-9eb2-b54136e38c00}</UniqueIdentifier>
    </Filter>
    <Filter Include="Shaders">
      <UniqueIdentifier>{910ea85d-61a9-4680-8624-748ed6960ec0}</UniqueIdentifier>
    </Filter>
  </ItemGroup>
  <ItemGroup>
    <ClInclude Include="pch.h" />
    <ClInclude Include="Game.h" />
    <ClInclude Include="StepTimer.h">
      <Filter>Common</Filter>
    </ClInclude>
    <ClInclude Include="DeviceResources.h">
      <Filter>Common</Filter>
    </ClInclude>
    <ClInclude Include="..\..\DDSTextureLoader\DDSTextureLoader11.h">
      <Filter>DDS</Filter>
    </ClInclude>
    <ClInclude Include="..\..\WICTextureLoader\WICTextureLoader11.h">
      <Filter>WIC</Filter>
    </ClInclude>
    <ClInclude Include="..\..\ScreenGrab\ScreenGrab11.h">
      <Filter>ScreenGrab</Filter>
    </ClInclude>
    <ClInclude Include="ReadData.h">
      <Filter>Common</Filter>
    </ClInclude>
    <ClInclude Include="MSAAHelper.h" />
  </ItemGroup>
  <ItemGroup>
    <ClCompile Include="pch.cpp" />
    <ClCompile Include="Main.cpp" />
    <ClCompile Include="DeviceResources.cpp">
      <Filter>Common</Filter>
    </ClCompile>
    <ClCompile Include="..\..\DDSTextureLoader\DDSTextureLoader11.cpp">
      <Filter>DDS</Filter>
    </ClCompile>
    <ClCompile Include="..\..\WICTextureLoader\WICTextureLoader11.cpp">
      <Filter>WIC</Filter>
    </ClCompile>
    <ClCompile Include="..\..\ScreenGrab\ScreenGrab11.cpp">
      <Filter>ScreenGrab</Filter>
    </ClCompile>
    <ClCompile Include="Game.cpp" />
    <ClCompile Include="MSAAHelper.cpp" />
  </ItemGroup>
  <ItemGroup>
    <Manifest Include="settings.manifest">
      <Filter>Assets</Filter>
    </Manifest>
  </ItemGroup>
  <ItemGroup>
    <Image Include="cup_small.jpg">
      <Filter>Assets</Filter>
    </Image>
    <Image Include="dx5_logo.dds">
      <Filter>Assets</Filter>
    </Image>
  </ItemGroup>
  <ItemGroup>
    <FxCompile Include="PixelShader11.hlsl">
      <Filter>Shaders</Filter>
    </FxCompile>
    <FxCompile Include="VertexShader11.hlsl">
      <Filter>Shaders</Filter>
    </FxCompile>
  </ItemGroup>
</Project>